// !$*UTF8*$!
{
	archiveVersion = 1;
	classes = {
	};
	objectVersion = 50;
	objects = {

/* Begin PBXBuildFile section */
		04BBB94C222E52C100DBAF13 /* AppDelegate.swift in Sources */ = {isa = PBXBuildFile; fileRef = 04BBB94B222E52C100DBAF13 /* AppDelegate.swift */; };
		04BBB94E222E52C100DBAF13 /* ViewController.swift in Sources */ = {isa = PBXBuildFile; fileRef = 04BBB94D222E52C100DBAF13 /* ViewController.swift */; };
		04BBB951222E52C100DBAF13 /* Main.storyboard in Resources */ = {isa = PBXBuildFile; fileRef = 04BBB94F222E52C100DBAF13 /* Main.storyboard */; };
		04BBB953222E52C200DBAF13 /* Assets.xcassets in Resources */ = {isa = PBXBuildFile; fileRef = 04BBB952222E52C200DBAF13 /* Assets.xcassets */; };
		04BBB956222E52C200DBAF13 /* LaunchScreen.storyboard in Resources */ = {isa = PBXBuildFile; fileRef = 04BBB954222E52C200DBAF13 /* LaunchScreen.storyboard */; };
		04BBB961222E52C200DBAF13 /* LearningTests.swift in Sources */ = {isa = PBXBuildFile; fileRef = 04BBB960222E52C200DBAF13 /* LearningTests.swift */; };
		04BBB96C222E52C200DBAF13 /* LearningUITests.swift in Sources */ = {isa = PBXBuildFile; fileRef = 04BBB96B222E52C200DBAF13 /* LearningUITests.swift */; };
		04BBB97E222E539A00DBAF13 /* SuggestionsViewController.swift in Sources */ = {isa = PBXBuildFile; fileRef = 04BBB97D222E539A00DBAF13 /* SuggestionsViewController.swift */; };
		04BBB981222E5A8600DBAF13 /* MusicListViewController.swift in Sources */ = {isa = PBXBuildFile; fileRef = 04BBB980222E5A8600DBAF13 /* MusicListViewController.swift */; };
		04BBB9832230C54F00DBAF13 /* Monad.swift in Sources */ = {isa = PBXBuildFile; fileRef = 04BBB9822230C54F00DBAF13 /* Monad.swift */; };
		0FDE14FB0BB5D903DF760131 /* Pods_LearningUITests.framework in Frameworks */ = {isa = PBXBuildFile; fileRef = 812E236986834D2B6E173219 /* Pods_LearningUITests.framework */; };
		A5CC88C64C7651816FC0506E /* Pods_Learning.framework in Frameworks */ = {isa = PBXBuildFile; fileRef = EB8074DE5737BB96A12F5F98 /* Pods_Learning.framework */; };
		CF7ABD7C6A08D75935202FEE /* Pods_LearningTests.framework in Frameworks */ = {isa = PBXBuildFile; fileRef = 967A8114E2BCB807E119C6F2 /* Pods_LearningTests.framework */; };
/* End PBXBuildFile section */

/* Begin PBXContainerItemProxy section */
		04BBB95D222E52C200DBAF13 /* PBXContainerItemProxy */ = {
			isa = PBXContainerItemProxy;
			containerPortal = 04BBB940222E52C100DBAF13 /* Project object */;
			proxyType = 1;
			remoteGlobalIDString = 04BBB947222E52C100DBAF13;
			remoteInfo = Learning;
		};
		04BBB968222E52C200DBAF13 /* PBXContainerItemProxy */ = {
			isa = PBXContainerItemProxy;
			containerPortal = 04BBB940222E52C100DBAF13 /* Project object */;
			proxyType = 1;
			remoteGlobalIDString = 04BBB947222E52C100DBAF13;
			remoteInfo = Learning;
		};
/* End PBXContainerItemProxy section */

/* Begin PBXFileReference section */
		04BBB948222E52C100DBAF13 /* Learning.app */ = {isa = PBXFileReference; explicitFileType = wrapper.application; includeInIndex = 0; path = Learning.app; sourceTree = BUILT_PRODUCTS_DIR; };
		04BBB94B222E52C100DBAF13 /* AppDelegate.swift */ = {isa = PBXFileReference; lastKnownFileType = sourcecode.swift; path = AppDelegate.swift; sourceTree = "<group>"; };
		04BBB94D222E52C100DBAF13 /* ViewController.swift */ = {isa = PBXFileReference; lastKnownFileType = sourcecode.swift; path = ViewController.swift; sourceTree = "<group>"; };
		04BBB950222E52C100DBAF13 /* Base */ = {isa = PBXFileReference; lastKnownFileType = file.storyboard; name = Base; path = Base.lproj/Main.storyboard; sourceTree = "<group>"; };
		04BBB952222E52C200DBAF13 /* Assets.xcassets */ = {isa = PBXFileReference; lastKnownFileType = folder.assetcatalog; path = Assets.xcassets; sourceTree = "<group>"; };
		04BBB955222E52C200DBAF13 /* Base */ = {isa = PBXFileReference; lastKnownFileType = file.storyboard; name = Base; path = Base.lproj/LaunchScreen.storyboard; sourceTree = "<group>"; };
		04BBB957222E52C200DBAF13 /* Info.plist */ = {isa = PBXFileReference; lastKnownFileType = text.plist.xml; path = Info.plist; sourceTree = "<group>"; };
		04BBB95C222E52C200DBAF13 /* LearningTests.xctest */ = {isa = PBXFileReference; explicitFileType = wrapper.cfbundle; includeInIndex = 0; path = LearningTests.xctest; sourceTree = BUILT_PRODUCTS_DIR; };
		04BBB960222E52C200DBAF13 /* LearningTests.swift */ = {isa = PBXFileReference; lastKnownFileType = sourcecode.swift; path = LearningTests.swift; sourceTree = "<group>"; };
		04BBB962222E52C200DBAF13 /* Info.plist */ = {isa = PBXFileReference; lastKnownFileType = text.plist.xml; path = Info.plist; sourceTree = "<group>"; };
		04BBB967222E52C200DBAF13 /* LearningUITests.xctest */ = {isa = PBXFileReference; explicitFileType = wrapper.cfbundle; includeInIndex = 0; path = LearningUITests.xctest; sourceTree = BUILT_PRODUCTS_DIR; };
		04BBB96B222E52C200DBAF13 /* LearningUITests.swift */ = {isa = PBXFileReference; lastKnownFileType = sourcecode.swift; path = LearningUITests.swift; sourceTree = "<group>"; };
		04BBB96D222E52C200DBAF13 /* Info.plist */ = {isa = PBXFileReference; lastKnownFileType = text.plist.xml; path = Info.plist; sourceTree = "<group>"; };
		04BBB97D222E539A00DBAF13 /* SuggestionsViewController.swift */ = {isa = PBXFileReference; lastKnownFileType = sourcecode.swift; path = SuggestionsViewController.swift; sourceTree = "<group>"; };
		04BBB980222E5A8600DBAF13 /* MusicListViewController.swift */ = {isa = PBXFileReference; lastKnownFileType = sourcecode.swift; path = MusicListViewController.swift; sourceTree = "<group>"; };
		04BBB9822230C54F00DBAF13 /* Monad.swift */ = {isa = PBXFileReference; lastKnownFileType = sourcecode.swift; path = Monad.swift; sourceTree = "<group>"; };
		101C1C5E56A6E4DB16351137 /* Pods-LearningTests.debug.xcconfig */ = {isa = PBXFileReference; includeInIndex = 1; lastKnownFileType = text.xcconfig; name = "Pods-LearningTests.debug.xcconfig"; path = "Pods/Target Support Files/Pods-LearningTests/Pods-LearningTests.debug.xcconfig"; sourceTree = "<group>"; };
		3632C8791C53440F8EC082FF /* Pods-LearningTests.release.xcconfig */ = {isa = PBXFileReference; includeInIndex = 1; lastKnownFileType = text.xcconfig; name = "Pods-LearningTests.release.xcconfig"; path = "Pods/Target Support Files/Pods-LearningTests/Pods-LearningTests.release.xcconfig"; sourceTree = "<group>"; };
		6AA8037AA6A95BA05800C052 /* Pods-Learning.release.xcconfig */ = {isa = PBXFileReference; includeInIndex = 1; lastKnownFileType = text.xcconfig; name = "Pods-Learning.release.xcconfig"; path = "Pods/Target Support Files/Pods-Learning/Pods-Learning.release.xcconfig"; sourceTree = "<group>"; };
		812E236986834D2B6E173219 /* Pods_LearningUITests.framework */ = {isa = PBXFileReference; explicitFileType = wrapper.framework; includeInIndex = 0; path = Pods_LearningUITests.framework; sourceTree = BUILT_PRODUCTS_DIR; };
		967A8114E2BCB807E119C6F2 /* Pods_LearningTests.framework */ = {isa = PBXFileReference; explicitFileType = wrapper.framework; includeInIndex = 0; path = Pods_LearningTests.framework; sourceTree = BUILT_PRODUCTS_DIR; };
		AE0822C72B1358F754D27203 /* Pods-LearningUITests.debug.xcconfig */ = {isa = PBXFileReference; includeInIndex = 1; lastKnownFileType = text.xcconfig; name = "Pods-LearningUITests.debug.xcconfig"; path = "Pods/Target Support Files/Pods-LearningUITests/Pods-LearningUITests.debug.xcconfig"; sourceTree = "<group>"; };
		D767E8489EE9C37ED496AA5C /* Pods-Learning.debug.xcconfig */ = {isa = PBXFileReference; includeInIndex = 1; lastKnownFileType = text.xcconfig; name = "Pods-Learning.debug.xcconfig"; path = "Pods/Target Support Files/Pods-Learning/Pods-Learning.debug.xcconfig"; sourceTree = "<group>"; };
		DADB5BC1A8A27AD00E90905E /* Pods-LearningUITests.release.xcconfig */ = {isa = PBXFileReference; includeInIndex = 1; lastKnownFileType = text.xcconfig; name = "Pods-LearningUITests.release.xcconfig"; path = "Pods/Target Support Files/Pods-LearningUITests/Pods-LearningUITests.release.xcconfig"; sourceTree = "<group>"; };
		EB8074DE5737BB96A12F5F98 /* Pods_Learning.framework */ = {isa = PBXFileReference; explicitFileType = wrapper.framework; includeInIndex = 0; path = Pods_Learning.framework; sourceTree = BUILT_PRODUCTS_DIR; };
/* End PBXFileReference section */

/* Begin PBXFrameworksBuildPhase section */
		04BBB945222E52C100DBAF13 /* Frameworks */ = {
			isa = PBXFrameworksBuildPhase;
			buildActionMask = 2147483647;
			files = (
				A5CC88C64C7651816FC0506E /* Pods_Learning.framework in Frameworks */,
			);
			runOnlyForDeploymentPostprocessing = 0;
		};
		04BBB959222E52C200DBAF13 /* Frameworks */ = {
			isa = PBXFrameworksBuildPhase;
			buildActionMask = 2147483647;
			files = (
				CF7ABD7C6A08D75935202FEE /* Pods_LearningTests.framework in Frameworks */,
			);
			runOnlyForDeploymentPostprocessing = 0;
		};
		04BBB964222E52C200DBAF13 /* Frameworks */ = {
			isa = PBXFrameworksBuildPhase;
			buildActionMask = 2147483647;
			files = (
				0FDE14FB0BB5D903DF760131 /* Pods_LearningUITests.framework in Frameworks */,
			);
			runOnlyForDeploymentPostprocessing = 0;
		};
/* End PBXFrameworksBuildPhase section */

/* Begin PBXGroup section */
		04BBB93F222E52C100DBAF13 = {
			isa = PBXGroup;
			children = (
				04BBB94A222E52C100DBAF13 /* Learning */,
				04BBB95F222E52C200DBAF13 /* LearningTests */,
				04BBB96A222E52C200DBAF13 /* LearningUITests */,
				04BBB949222E52C100DBAF13 /* Products */,
				E01CD7DDCC26745E60E884BD /* Pods */,
				A6402788493B5EB45B600C37 /* Frameworks */,
			);
			sourceTree = "<group>";
		};
		04BBB949222E52C100DBAF13 /* Products */ = {
			isa = PBXGroup;
			children = (
				04BBB948222E52C100DBAF13 /* Learning.app */,
				04BBB95C222E52C200DBAF13 /* LearningTests.xctest */,
				04BBB967222E52C200DBAF13 /* LearningUITests.xctest */,
			);
			name = Products;
			sourceTree = "<group>";
		};
		04BBB94A222E52C100DBAF13 /* Learning */ = {
			isa = PBXGroup;
			children = (
				04BBB94B222E52C100DBAF13 /* AppDelegate.swift */,
				04BBB94D222E52C100DBAF13 /* ViewController.swift */,
				04BBB9822230C54F00DBAF13 /* Monad.swift */,
				04BBB97F222E5A6A00DBAF13 /* LearningRxSwift */,
				04BBB94F222E52C100DBAF13 /* Main.storyboard */,
				04BBB952222E52C200DBAF13 /* Assets.xcassets */,
				04BBB954222E52C200DBAF13 /* LaunchScreen.storyboard */,
				04BBB957222E52C200DBAF13 /* Info.plist */,
			);
			path = Learning;
			sourceTree = "<group>";
		};
		04BBB95F222E52C200DBAF13 /* LearningTests */ = {
			isa = PBXGroup;
			children = (
				04BBB960222E52C200DBAF13 /* LearningTests.swift */,
				04BBB962222E52C200DBAF13 /* Info.plist */,
			);
			path = LearningTests;
			sourceTree = "<group>";
		};
		04BBB96A222E52C200DBAF13 /* LearningUITests */ = {
			isa = PBXGroup;
			children = (
				04BBB96B222E52C200DBAF13 /* LearningUITests.swift */,
				04BBB96D222E52C200DBAF13 /* Info.plist */,
			);
			path = LearningUITests;
			sourceTree = "<group>";
		};
		04BBB97F222E5A6A00DBAF13 /* LearningRxSwift */ = {
			isa = PBXGroup;
			children = (
				04BBB97D222E539A00DBAF13 /* SuggestionsViewController.swift */,
				04BBB980222E5A8600DBAF13 /* MusicListViewController.swift */,
			);
			path = LearningRxSwift;
			sourceTree = "<group>";
		};
		A6402788493B5EB45B600C37 /* Frameworks */ = {
			isa = PBXGroup;
			children = (
				EB8074DE5737BB96A12F5F98 /* Pods_Learning.framework */,
				967A8114E2BCB807E119C6F2 /* Pods_LearningTests.framework */,
				812E236986834D2B6E173219 /* Pods_LearningUITests.framework */,
			);
			name = Frameworks;
			sourceTree = "<group>";
		};
		E01CD7DDCC26745E60E884BD /* Pods */ = {
			isa = PBXGroup;
			children = (
				D767E8489EE9C37ED496AA5C /* Pods-Learning.debug.xcconfig */,
				6AA8037AA6A95BA05800C052 /* Pods-Learning.release.xcconfig */,
				101C1C5E56A6E4DB16351137 /* Pods-LearningTests.debug.xcconfig */,
				3632C8791C53440F8EC082FF /* Pods-LearningTests.release.xcconfig */,
				AE0822C72B1358F754D27203 /* Pods-LearningUITests.debug.xcconfig */,
				DADB5BC1A8A27AD00E90905E /* Pods-LearningUITests.release.xcconfig */,
			);
			name = Pods;
			sourceTree = "<group>";
		};
/* End PBXGroup section */

/* Begin PBXNativeTarget section */
		04BBB947222E52C100DBAF13 /* Learning */ = {
			isa = PBXNativeTarget;
			buildConfigurationList = 04BBB970222E52C200DBAF13 /* Build configuration list for PBXNativeTarget "Learning" */;
			buildPhases = (
				49442516472641326B196486 /* [CP] Check Pods Manifest.lock */,
				04BBB944222E52C100DBAF13 /* Sources */,
				04BBB945222E52C100DBAF13 /* Frameworks */,
				04BBB946222E52C100DBAF13 /* Resources */,
				ED6E1D4EA0DBCAF87FA0E0EF /* [CP] Embed Pods Frameworks */,
			);
			buildRules = (
			);
			dependencies = (
			);
			name = Learning;
			productName = Learning;
			productReference = 04BBB948222E52C100DBAF13 /* Learning.app */;
			productType = "com.apple.product-type.application";
		};
		04BBB95B222E52C200DBAF13 /* LearningTests */ = {
			isa = PBXNativeTarget;
			buildConfigurationList = 04BBB973222E52C200DBAF13 /* Build configuration list for PBXNativeTarget "LearningTests" */;
			buildPhases = (
				6AD2B6DA6A8EE51430F2B1B0 /* [CP] Check Pods Manifest.lock */,
				04BBB958222E52C200DBAF13 /* Sources */,
				04BBB959222E52C200DBAF13 /* Frameworks */,
				04BBB95A222E52C200DBAF13 /* Resources */,
				55E7FA4170302356EBB957AC /* [CP] Embed Pods Frameworks */,
			);
			buildRules = (
			);
			dependencies = (
				04BBB95E222E52C200DBAF13 /* PBXTargetDependency */,
			);
			name = LearningTests;
			productName = LearningTests;
			productReference = 04BBB95C222E52C200DBAF13 /* LearningTests.xctest */;
			productType = "com.apple.product-type.bundle.unit-test";
		};
		04BBB966222E52C200DBAF13 /* LearningUITests */ = {
			isa = PBXNativeTarget;
			buildConfigurationList = 04BBB976222E52C200DBAF13 /* Build configuration list for PBXNativeTarget "LearningUITests" */;
			buildPhases = (
				0302D8E27AB07CED5A82E8C0 /* [CP] Check Pods Manifest.lock */,
				04BBB963222E52C200DBAF13 /* Sources */,
				04BBB964222E52C200DBAF13 /* Frameworks */,
				04BBB965222E52C200DBAF13 /* Resources */,
			);
			buildRules = (
			);
			dependencies = (
				04BBB969222E52C200DBAF13 /* PBXTargetDependency */,
			);
			name = LearningUITests;
			productName = LearningUITests;
			productReference = 04BBB967222E52C200DBAF13 /* LearningUITests.xctest */;
			productType = "com.apple.product-type.bundle.ui-testing";
		};
/* End PBXNativeTarget section */

/* Begin PBXProject section */
		04BBB940222E52C100DBAF13 /* Project object */ = {
			isa = PBXProject;
			attributes = {
				LastSwiftUpdateCheck = 1000;
				LastUpgradeCheck = 1000;
				ORGANIZATIONNAME = ZhengYi;
				TargetAttributes = {
					04BBB947222E52C100DBAF13 = {
						CreatedOnToolsVersion = 10.0;
					};
					04BBB95B222E52C200DBAF13 = {
						CreatedOnToolsVersion = 10.0;
						TestTargetID = 04BBB947222E52C100DBAF13;
					};
					04BBB966222E52C200DBAF13 = {
						CreatedOnToolsVersion = 10.0;
						TestTargetID = 04BBB947222E52C100DBAF13;
					};
				};
			};
			buildConfigurationList = 04BBB943222E52C100DBAF13 /* Build configuration list for PBXProject "Learning" */;
			compatibilityVersion = "Xcode 9.3";
			developmentRegion = en;
			hasScannedForEncodings = 0;
			knownRegions = (
				en,
				Base,
			);
			mainGroup = 04BBB93F222E52C100DBAF13;
			productRefGroup = 04BBB949222E52C100DBAF13 /* Products */;
			projectDirPath = "";
			projectRoot = "";
			targets = (
				04BBB947222E52C100DBAF13 /* Learning */,
				04BBB95B222E52C200DBAF13 /* LearningTests */,
				04BBB966222E52C200DBAF13 /* LearningUITests */,
			);
		};
/* End PBXProject section */

/* Begin PBXResourcesBuildPhase section */
		04BBB946222E52C100DBAF13 /* Resources */ = {
			isa = PBXResourcesBuildPhase;
			buildActionMask = 2147483647;
			files = (
				04BBB956222E52C200DBAF13 /* LaunchScreen.storyboard in Resources */,
				04BBB953222E52C200DBAF13 /* Assets.xcassets in Resources */,
				04BBB951222E52C100DBAF13 /* Main.storyboard in Resources */,
			);
			runOnlyForDeploymentPostprocessing = 0;
		};
		04BBB95A222E52C200DBAF13 /* Resources */ = {
			isa = PBXResourcesBuildPhase;
			buildActionMask = 2147483647;
			files = (
			);
			runOnlyForDeploymentPostprocessing = 0;
		};
		04BBB965222E52C200DBAF13 /* Resources */ = {
			isa = PBXResourcesBuildPhase;
			buildActionMask = 2147483647;
			files = (
			);
			runOnlyForDeploymentPostprocessing = 0;
		};
/* End PBXResourcesBuildPhase section */

/* Begin PBXShellScriptBuildPhase section */
		0302D8E27AB07CED5A82E8C0 /* [CP] Check Pods Manifest.lock */ = {
			isa = PBXShellScriptBuildPhase;
			buildActionMask = 2147483647;
			files = (
			);
			inputFileListPaths = (
			);
			inputPaths = (
				"${PODS_PODFILE_DIR_PATH}/Podfile.lock",
				"${PODS_ROOT}/Manifest.lock",
			);
			name = "[CP] Check Pods Manifest.lock";
			outputFileListPaths = (
			);
			outputPaths = (
				"$(DERIVED_FILE_DIR)/Pods-LearningUITests-checkManifestLockResult.txt",
			);
			runOnlyForDeploymentPostprocessing = 0;
			shellPath = /bin/sh;
			shellScript = "diff \"${PODS_PODFILE_DIR_PATH}/Podfile.lock\" \"${PODS_ROOT}/Manifest.lock\" > /dev/null\nif [ $? != 0 ] ; then\n    # print error to STDERR\n    echo \"error: The sandbox is not in sync with the Podfile.lock. Run 'pod install' or update your CocoaPods installation.\" >&2\n    exit 1\nfi\n# This output is used by Xcode 'outputs' to avoid re-running this script phase.\necho \"SUCCESS\" > \"${SCRIPT_OUTPUT_FILE_0}\"\n";
			showEnvVarsInLog = 0;
		};
		49442516472641326B196486 /* [CP] Check Pods Manifest.lock */ = {
			isa = PBXShellScriptBuildPhase;
			buildActionMask = 2147483647;
			files = (
			);
			inputFileListPaths = (
			);
			inputPaths = (
				"${PODS_PODFILE_DIR_PATH}/Podfile.lock",
				"${PODS_ROOT}/Manifest.lock",
			);
			name = "[CP] Check Pods Manifest.lock";
			outputFileListPaths = (
			);
			outputPaths = (
				"$(DERIVED_FILE_DIR)/Pods-Learning-checkManifestLockResult.txt",
			);
			runOnlyForDeploymentPostprocessing = 0;
			shellPath = /bin/sh;
			shellScript = "diff \"${PODS_PODFILE_DIR_PATH}/Podfile.lock\" \"${PODS_ROOT}/Manifest.lock\" > /dev/null\nif [ $? != 0 ] ; then\n    # print error to STDERR\n    echo \"error: The sandbox is not in sync with the Podfile.lock. Run 'pod install' or update your CocoaPods installation.\" >&2\n    exit 1\nfi\n# This output is used by Xcode 'outputs' to avoid re-running this script phase.\necho \"SUCCESS\" > \"${SCRIPT_OUTPUT_FILE_0}\"\n";
			showEnvVarsInLog = 0;
		};
		55E7FA4170302356EBB957AC /* [CP] Embed Pods Frameworks */ = {
			isa = PBXShellScriptBuildPhase;
			buildActionMask = 2147483647;
			files = (
			);
			inputFileListPaths = (
			);
			inputPaths = (
				"${SRCROOT}/Pods/Target Support Files/Pods-LearningTests/Pods-LearningTests-frameworks.sh",
				"${BUILT_PRODUCTS_DIR}/RxAtomic/RxAtomic.framework",
				"${BUILT_PRODUCTS_DIR}/RxSwift/RxSwift.framework",
				"${BUILT_PRODUCTS_DIR}/RxBlocking/RxBlocking.framework",
				"${BUILT_PRODUCTS_DIR}/RxTest/RxTest.framework",
			);
			name = "[CP] Embed Pods Frameworks";
			outputFileListPaths = (
			);
			outputPaths = (
				"${TARGET_BUILD_DIR}/${FRAMEWORKS_FOLDER_PATH}/RxAtomic.framework",
				"${TARGET_BUILD_DIR}/${FRAMEWORKS_FOLDER_PATH}/RxSwift.framework",
				"${TARGET_BUILD_DIR}/${FRAMEWORKS_FOLDER_PATH}/RxBlocking.framework",
				"${TARGET_BUILD_DIR}/${FRAMEWORKS_FOLDER_PATH}/RxTest.framework",
			);
			runOnlyForDeploymentPostprocessing = 0;
			shellPath = /bin/sh;
			shellScript = "\"${SRCROOT}/Pods/Target Support Files/Pods-LearningTests/Pods-LearningTests-frameworks.sh\"\n";
			showEnvVarsInLog = 0;
		};
		6AD2B6DA6A8EE51430F2B1B0 /* [CP] Check Pods Manifest.lock */ = {
			isa = PBXShellScriptBuildPhase;
			buildActionMask = 2147483647;
			files = (
			);
			inputFileListPaths = (
			);
			inputPaths = (
				"${PODS_PODFILE_DIR_PATH}/Podfile.lock",
				"${PODS_ROOT}/Manifest.lock",
			);
			name = "[CP] Check Pods Manifest.lock";
			outputFileListPaths = (
			);
			outputPaths = (
				"$(DERIVED_FILE_DIR)/Pods-LearningTests-checkManifestLockResult.txt",
			);
			runOnlyForDeploymentPostprocessing = 0;
			shellPath = /bin/sh;
			shellScript = "diff \"${PODS_PODFILE_DIR_PATH}/Podfile.lock\" \"${PODS_ROOT}/Manifest.lock\" > /dev/null\nif [ $? != 0 ] ; then\n    # print error to STDERR\n    echo \"error: The sandbox is not in sync with the Podfile.lock. Run 'pod install' or update your CocoaPods installation.\" >&2\n    exit 1\nfi\n# This output is used by Xcode 'outputs' to avoid re-running this script phase.\necho \"SUCCESS\" > \"${SCRIPT_OUTPUT_FILE_0}\"\n";
			showEnvVarsInLog = 0;
		};
		ED6E1D4EA0DBCAF87FA0E0EF /* [CP] Embed Pods Frameworks */ = {
			isa = PBXShellScriptBuildPhase;
			buildActionMask = 2147483647;
			files = (
			);
			inputFileListPaths = (
			);
			inputPaths = (
				"${SRCROOT}/Pods/Target Support Files/Pods-Learning/Pods-Learning-frameworks.sh",
				"${BUILT_PRODUCTS_DIR}/AFNetwork/AFNetwork.framework",
				"${BUILT_PRODUCTS_DIR}/AFNetworking/AFNetworking.framework",
				"${BUILT_PRODUCTS_DIR}/Curry/Curry.framework",
				"${BUILT_PRODUCTS_DIR}/ReactiveCocoa/ReactiveCocoa.framework",
				"${BUILT_PRODUCTS_DIR}/RxAtomic/RxAtomic.framework",
				"${BUILT_PRODUCTS_DIR}/RxCocoa/RxCocoa.framework",
				"${BUILT_PRODUCTS_DIR}/RxSwift/RxSwift.framework",
			);
			name = "[CP] Embed Pods Frameworks";
			outputFileListPaths = (
			);
			outputPaths = (
				"${TARGET_BUILD_DIR}/${FRAMEWORKS_FOLDER_PATH}/AFNetwork.framework",
				"${TARGET_BUILD_DIR}/${FRAMEWORKS_FOLDER_PATH}/AFNetworking.framework",
				"${TARGET_BUILD_DIR}/${FRAMEWORKS_FOLDER_PATH}/Curry.framework",
				"${TARGET_BUILD_DIR}/${FRAMEWORKS_FOLDER_PATH}/ReactiveCocoa.framework",
				"${TARGET_BUILD_DIR}/${FRAMEWORKS_FOLDER_PATH}/RxAtomic.framework",
				"${TARGET_BUILD_DIR}/${FRAMEWORKS_FOLDER_PATH}/RxCocoa.framework",
				"${TARGET_BUILD_DIR}/${FRAMEWORKS_FOLDER_PATH}/RxSwift.framework",
			);
			runOnlyForDeploymentPostprocessing = 0;
			shellPath = /bin/sh;
			shellScript = "\"${SRCROOT}/Pods/Target Support Files/Pods-Learning/Pods-Learning-frameworks.sh\"\n";
			showEnvVarsInLog = 0;
		};
/* End PBXShellScriptBuildPhase section */

/* Begin PBXSourcesBuildPhase section */
		04BBB944222E52C100DBAF13 /* Sources */ = {
			isa = PBXSourcesBuildPhase;
			buildActionMask = 2147483647;
			files = (
				04BBB981222E5A8600DBAF13 /* MusicListViewController.swift in Sources */,
				04BBB9832230C54F00DBAF13 /* Monad.swift in Sources */,
				04BBB94E222E52C100DBAF13 /* ViewController.swift in Sources */,
				04BBB94C222E52C100DBAF13 /* AppDelegate.swift in Sources */,
				04BBB97E222E539A00DBAF13 /* SuggestionsViewController.swift in Sources */,
			);
			runOnlyForDeploymentPostprocessing = 0;
		};
		04BBB958222E52C200DBAF13 /* Sources */ = {
			isa = PBXSourcesBuildPhase;
			buildActionMask = 2147483647;
			files = (
				04BBB961222E52C200DBAF13 /* LearningTests.swift in Sources */,
			);
			runOnlyForDeploymentPostprocessing = 0;
		};
		04BBB963222E52C200DBAF13 /* Sources */ = {
			isa = PBXSourcesBuildPhase;
			buildActionMask = 2147483647;
			files = (
				04BBB96C222E52C200DBAF13 /* LearningUITests.swift in Sources */,
			);
			runOnlyForDeploymentPostprocessing = 0;
		};
/* End PBXSourcesBuildPhase section */

/* Begin PBXTargetDependency section */
		04BBB95E222E52C200DBAF13 /* PBXTargetDependency */ = {
			isa = PBXTargetDependency;
			target = 04BBB947222E52C100DBAF13 /* Learning */;
			targetProxy = 04BBB95D222E52C200DBAF13 /* PBXContainerItemProxy */;
		};
		04BBB969222E52C200DBAF13 /* PBXTargetDependency */ = {
			isa = PBXTargetDependency;
			target = 04BBB947222E52C100DBAF13 /* Learning */;
			targetProxy = 04BBB968222E52C200DBAF13 /* PBXContainerItemProxy */;
		};
/* End PBXTargetDependency section */

/* Begin PBXVariantGroup section */
		04BBB94F222E52C100DBAF13 /* Main.storyboard */ = {
			isa = PBXVariantGroup;
			children = (
				04BBB950222E52C100DBAF13 /* Base */,
			);
			name = Main.storyboard;
			sourceTree = "<group>";
		};
		04BBB954222E52C200DBAF13 /* LaunchScreen.storyboard */ = {
			isa = PBXVariantGroup;
			children = (
				04BBB955222E52C200DBAF13 /* Base */,
			);
			name = LaunchScreen.storyboard;
			sourceTree = "<group>";
		};
/* End PBXVariantGroup section */

/* Begin XCBuildConfiguration section */
		04BBB96E222E52C200DBAF13 /* Debug */ = {
			isa = XCBuildConfiguration;
			buildSettings = {
				ALWAYS_SEARCH_USER_PATHS = NO;
				CLANG_ANALYZER_NONNULL = YES;
				CLANG_ANALYZER_NUMBER_OBJECT_CONVERSION = YES_AGGRESSIVE;
				CLANG_CXX_LANGUAGE_STANDARD = "gnu++14";
				CLANG_CXX_LIBRARY = "libc++";
				CLANG_ENABLE_MODULES = YES;
				CLANG_ENABLE_OBJC_ARC = YES;
				CLANG_ENABLE_OBJC_WEAK = YES;
				CLANG_WARN_BLOCK_CAPTURE_AUTORELEASING = YES;
				CLANG_WARN_BOOL_CONVERSION = YES;
				CLANG_WARN_COMMA = YES;
				CLANG_WARN_CONSTANT_CONVERSION = YES;
				CLANG_WARN_DEPRECATED_OBJC_IMPLEMENTATIONS = YES;
				CLANG_WARN_DIRECT_OBJC_ISA_USAGE = YES_ERROR;
				CLANG_WARN_DOCUMENTATION_COMMENTS = YES;
				CLANG_WARN_EMPTY_BODY = YES;
				CLANG_WARN_ENUM_CONVERSION = YES;
				CLANG_WARN_INFINITE_RECURSION = YES;
				CLANG_WARN_INT_CONVERSION = YES;
				CLANG_WARN_NON_LITERAL_NULL_CONVERSION = YES;
				CLANG_WARN_OBJC_IMPLICIT_RETAIN_SELF = YES;
				CLANG_WARN_OBJC_LITERAL_CONVERSION = YES;
				CLANG_WARN_OBJC_ROOT_CLASS = YES_ERROR;
				CLANG_WARN_RANGE_LOOP_ANALYSIS = YES;
				CLANG_WARN_STRICT_PROTOTYPES = YES;
				CLANG_WARN_SUSPICIOUS_MOVE = YES;
				CLANG_WARN_UNGUARDED_AVAILABILITY = YES_AGGRESSIVE;
				CLANG_WARN_UNREACHABLE_CODE = YES;
				CLANG_WARN__DUPLICATE_METHOD_MATCH = YES;
				CODE_SIGN_IDENTITY = "iPhone Developer";
				COPY_PHASE_STRIP = NO;
				DEBUG_INFORMATION_FORMAT = dwarf;
				ENABLE_STRICT_OBJC_MSGSEND = YES;
				ENABLE_TESTABILITY = YES;
				GCC_C_LANGUAGE_STANDARD = gnu11;
				GCC_DYNAMIC_NO_PIC = NO;
				GCC_NO_COMMON_BLOCKS = YES;
				GCC_OPTIMIZATION_LEVEL = 0;
				GCC_PREPROCESSOR_DEFINITIONS = (
					"DEBUG=1",
					"$(inherited)",
				);
				GCC_WARN_64_TO_32_BIT_CONVERSION = YES;
				GCC_WARN_ABOUT_RETURN_TYPE = YES_ERROR;
				GCC_WARN_UNDECLARED_SELECTOR = YES;
				GCC_WARN_UNINITIALIZED_AUTOS = YES_AGGRESSIVE;
				GCC_WARN_UNUSED_FUNCTION = YES;
				GCC_WARN_UNUSED_VARIABLE = YES;
				IPHONEOS_DEPLOYMENT_TARGET = 12.0;
				MTL_ENABLE_DEBUG_INFO = INCLUDE_SOURCE;
				MTL_FAST_MATH = YES;
				ONLY_ACTIVE_ARCH = YES;
				SDKROOT = iphoneos;
				SWIFT_ACTIVE_COMPILATION_CONDITIONS = DEBUG;
				SWIFT_OPTIMIZATION_LEVEL = "-Onone";
			};
			name = Debug;
		};
		04BBB96F222E52C200DBAF13 /* Release */ = {
			isa = XCBuildConfiguration;
			buildSettings = {
				ALWAYS_SEARCH_USER_PATHS = NO;
				CLANG_ANALYZER_NONNULL = YES;
				CLANG_ANALYZER_NUMBER_OBJECT_CONVERSION = YES_AGGRESSIVE;
				CLANG_CXX_LANGUAGE_STANDARD = "gnu++14";
				CLANG_CXX_LIBRARY = "libc++";
				CLANG_ENABLE_MODULES = YES;
				CLANG_ENABLE_OBJC_ARC = YES;
				CLANG_ENABLE_OBJC_WEAK = YES;
				CLANG_WARN_BLOCK_CAPTURE_AUTORELEASING = YES;
				CLANG_WARN_BOOL_CONVERSION = YES;
				CLANG_WARN_COMMA = YES;
				CLANG_WARN_CONSTANT_CONVERSION = YES;
				CLANG_WARN_DEPRECATED_OBJC_IMPLEMENTATIONS = YES;
				CLANG_WARN_DIRECT_OBJC_ISA_USAGE = YES_ERROR;
				CLANG_WARN_DOCUMENTATION_COMMENTS = YES;
				CLANG_WARN_EMPTY_BODY = YES;
				CLANG_WARN_ENUM_CONVERSION = YES;
				CLANG_WARN_INFINITE_RECURSION = YES;
				CLANG_WARN_INT_CONVERSION = YES;
				CLANG_WARN_NON_LITERAL_NULL_CONVERSION = YES;
				CLANG_WARN_OBJC_IMPLICIT_RETAIN_SELF = YES;
				CLANG_WARN_OBJC_LITERAL_CONVERSION = YES;
				CLANG_WARN_OBJC_ROOT_CLASS = YES_ERROR;
				CLANG_WARN_RANGE_LOOP_ANALYSIS = YES;
				CLANG_WARN_STRICT_PROTOTYPES = YES;
				CLANG_WARN_SUSPICIOUS_MOVE = YES;
				CLANG_WARN_UNGUARDED_AVAILABILITY = YES_AGGRESSIVE;
				CLANG_WARN_UNREACHABLE_CODE = YES;
				CLANG_WARN__DUPLICATE_METHOD_MATCH = YES;
				CODE_SIGN_IDENTITY = "iPhone Developer";
				COPY_PHASE_STRIP = NO;
				DEBUG_INFORMATION_FORMAT = "dwarf-with-dsym";
				ENABLE_NS_ASSERTIONS = NO;
				ENABLE_STRICT_OBJC_MSGSEND = YES;
				GCC_C_LANGUAGE_STANDARD = gnu11;
				GCC_NO_COMMON_BLOCKS = YES;
				GCC_WARN_64_TO_32_BIT_CONVERSION = YES;
				GCC_WARN_ABOUT_RETURN_TYPE = YES_ERROR;
				GCC_WARN_UNDECLARED_SELECTOR = YES;
				GCC_WARN_UNINITIALIZED_AUTOS = YES_AGGRESSIVE;
				GCC_WARN_UNUSED_FUNCTION = YES;
				GCC_WARN_UNUSED_VARIABLE = YES;
				IPHONEOS_DEPLOYMENT_TARGET = 12.0;
				MTL_ENABLE_DEBUG_INFO = NO;
				MTL_FAST_MATH = YES;
				SDKROOT = iphoneos;
				SWIFT_COMPILATION_MODE = wholemodule;
				SWIFT_OPTIMIZATION_LEVEL = "-O";
				VALIDATE_PRODUCT = YES;
			};
			name = Release;
		};
		04BBB971222E52C200DBAF13 /* Debug */ = {
			isa = XCBuildConfiguration;
			baseConfigurationReference = D767E8489EE9C37ED496AA5C /* Pods-Learning.debug.xcconfig */;
			buildSettings = {
				ASSETCATALOG_COMPILER_APPICON_NAME = AppIcon;
				CODE_SIGN_STYLE = Automatic;
				INFOPLIST_FILE = Learning/Info.plist;
				LD_RUNPATH_SEARCH_PATHS = (
					"$(inherited)",
					"@executable_path/Frameworks",
				);
				PRODUCT_BUNDLE_IDENTIFIER = ZhengYi.Learning;
				PRODUCT_NAME = "$(TARGET_NAME)";
				SWIFT_VERSION = 4.2;
				TARGETED_DEVICE_FAMILY = "1,2";
			};
			name = Debug;
		};
		04BBB972222E52C200DBAF13 /* Release */ = {
			isa = XCBuildConfiguration;
			baseConfigurationReference = 6AA8037AA6A95BA05800C052 /* Pods-Learning.release.xcconfig */;
			buildSettings = {
				ASSETCATALOG_COMPILER_APPICON_NAME = AppIcon;
				CODE_SIGN_STYLE = Automatic;
				INFOPLIST_FILE = Learning/Info.plist;
				LD_RUNPATH_SEARCH_PATHS = (
					"$(inherited)",
					"@executable_path/Frameworks",
				);
				PRODUCT_BUNDLE_IDENTIFIER = ZhengYi.Learning;
				PRODUCT_NAME = "$(TARGET_NAME)";
				SWIFT_VERSION = 4.2;
				TARGETED_DEVICE_FAMILY = "1,2";
			};
			name = Release;
		};
		04BBB974222E52C200DBAF13 /* Debug */ = {
			isa = XCBuildConfiguration;
			baseConfigurationReference = 101C1C5E56A6E4DB16351137 /* Pods-LearningTests.debug.xcconfig */;
			buildSettings = {
				ALWAYS_EMBED_SWIFT_STANDARD_LIBRARIES = YES;
				BUNDLE_LOADER = "$(TEST_HOST)";
				CODE_SIGN_STYLE = Automatic;
				INFOPLIST_FILE = LearningTests/Info.plist;
				LD_RUNPATH_SEARCH_PATHS = (
					"$(inherited)",
					"@executable_path/Frameworks",
					"@loader_path/Frameworks",
				);
				PRODUCT_BUNDLE_IDENTIFIER = ZhengYi.LearningTests;
				PRODUCT_NAME = "$(TARGET_NAME)";
				SWIFT_VERSION = 4.2;
				TARGETED_DEVICE_FAMILY = "1,2";
				TEST_HOST = "$(BUILT_PRODUCTS_DIR)/Learning.app/Learning";
			};
			name = Debug;
		};
		04BBB975222E52C200DBAF13 /* Release */ = {
			isa = XCBuildConfiguration;
			baseConfigurationReference = 3632C8791C53440F8EC082FF /* Pods-LearningTests.release.xcconfig */;
			buildSettings = {
				ALWAYS_EMBED_SWIFT_STANDARD_LIBRARIES = YES;
				BUNDLE_LOADER = "$(TEST_HOST)";
				CODE_SIGN_STYLE = Automatic;
				INFOPLIST_FILE = LearningTests/Info.plist;
				LD_RUNPATH_SEARCH_PATHS = (
					"$(inherited)",
					"@executable_path/Frameworks",
					"@loader_path/Frameworks",
				);
				PRODUCT_BUNDLE_IDENTIFIER = ZhengYi.LearningTests;
				PRODUCT_NAME = "$(TARGET_NAME)";
				SWIFT_VERSION = 4.2;
				TARGETED_DEVICE_FAMILY = "1,2";
				TEST_HOST = "$(BUILT_PRODUCTS_DIR)/Learning.app/Learning";
			};
			name = Release;
		};
		04BBB977222E52C200DBAF13 /* Debug */ = {
			isa = XCBuildConfiguration;
			baseConfigurationReference = AE0822C72B1358F754D27203 /* Pods-LearningUITests.debug.xcconfig */;
			buildSettings = {
				ALWAYS_EMBED_SWIFT_STANDARD_LIBRARIES = YES;
				CODE_SIGN_STYLE = Automatic;
				INFOPLIST_FILE = LearningUITests/Info.plist;
				LD_RUNPATH_SEARCH_PATHS = (
					"$(inherited)",
					"@executable_path/Frameworks",
					"@loader_path/Frameworks",
				);
				PRODUCT_BUNDLE_IDENTIFIER = ZhengYi.LearningUITests;
				PRODUCT_NAME = "$(TARGET_NAME)";
				SWIFT_VERSION = 4.2;
				TARGETED_DEVICE_FAMILY = "1,2";
				TEST_TARGET_NAME = Learning;
			};
			name = Debug;
		};
		04BBB978222E52C200DBAF13 /* Release */ = {
			isa = XCBuildConfiguration;
			baseConfigurationReference = DADB5BC1A8A27AD00E90905E /* Pods-LearningUITests.release.xcconfig */;
			buildSettings = {
				ALWAYS_EMBED_SWIFT_STANDARD_LIBRARIES = YES;
				CODE_SIGN_STYLE = Automatic;
				INFOPLIST_FILE = LearningUITests/Info.plist;
				LD_RUNPATH_SEARCH_PATHS = (
					"$(inherited)",
					"@executable_path/Frameworks",
					"@loader_path/Frameworks",
				);
				PRODUCT_BUNDLE_IDENTIFIER = ZhengYi.LearningUITests;
				PRODUCT_NAME = "$(TARGET_NAME)";
				SWIFT_VERSION = 4.2;
				TARGETED_DEVICE_FAMILY = "1,2";
				TEST_TARGET_NAME = Learning;
			};
			name = Release;
		};
/* End XCBuildConfiguration section */

/* Begin XCConfigurationList section */
		04BBB943222E52C100DBAF13 /* Build configuration list for PBXProject "Learning" */ = {
			isa = XCConfigurationList;
			buildConfigurations = (
				04BBB96E222E52C200DBAF13 /* Debug */,
				04BBB96F222E52C200DBAF13 /* Release */,
			);
			defaultConfigurationIsVisible = 0;
			defaultConfigurationName = Release;
		};
		04BBB970222E52C200DBAF13 /* Build configuration list for PBXNativeTarget "Learning" */ = {
			isa = XCConfigurationList;
			buildConfigurations = (
				04BBB971222E52C200DBAF13 /* Debug */,
				04BBB972222E52C200DBAF13 /* Release */,
			);
			defaultConfigurationIsVisible = 0;
			defaultConfigurationName = Release;
		};
		04BBB973222E52C200DBAF13 /* Build configuration list for PBXNativeTarget "LearningTests" */ = {
			isa = XCConfigurationList;
			buildConfigurations = (
				04BBB974222E52C200DBAF13 /* Debug */,
				04BBB975222E52C200DBAF13 /* Release */,
			);
			defaultConfigurationIsVisible = 0;
			defaultConfigurationName = Release;
		};
		04BBB976222E52C200DBAF13 /* Build configuration list for PBXNativeTarget "LearningUITests" */ = {
			isa = XCConfigurationList;
			buildConfigurations = (
				04BBB977222E52C200DBAF13 /* Debug */,
				04BBB978222E52C200DBAF13 /* Release */,
			);
			defaultConfigurationIsVisible = 0;
			defaultConfigurationName = Release;
		};
/* End XCConfigurationList section */
	};
	rootObject = 04BBB940222E52C100DBAF13 /* Project object */;
}
