// !$*UTF8*$!
{
	archiveVersion = 1;
	classes = {
	};
	objectVersion = 46;
	objects = {

/* Begin PBXBuildFile section */
		29BB5B521B564CF700E1CBAE /* main.m in Sources */ = {isa = PBXBuildFile; fileRef = 29BB5B511B564CF700E1CBAE /* main.m */; };
		29BB5B551B564CF700E1CBAE /* AppDelegate.m in Sources */ = {isa = PBXBuildFile; fileRef = 29BB5B541B564CF700E1CBAE /* AppDelegate.m */; };
		29BB5B581B564CF700E1CBAE /* ViewController.m in Sources */ = {isa = PBXBuildFile; fileRef = 29BB5B571B564CF700E1CBAE /* ViewController.m */; };
		29BB5B5B1B564CF700E1CBAE /* Main.storyboard in Resources */ = {isa = PBXBuildFile; fileRef = 29BB5B591B564CF700E1CBAE /* Main.storyboard */; };
		29BB5B5D1B564CF700E1CBAE /* Images.xcassets in Resources */ = {isa = PBXBuildFile; fileRef = 29BB5B5C1B564CF700E1CBAE /* Images.xcassets */; };
		29BB5B601B564CF700E1CBAE /* LaunchScreen.xib in Resources */ = {isa = PBXBuildFile; fileRef = 29BB5B5E1B564CF700E1CBAE /* LaunchScreen.xib */; };
		29BB5B6C1B564CF700E1CBAE /* ___DemoTests.m in Sources */ = {isa = PBXBuildFile; fileRef = 29BB5B6B1B564CF700E1CBAE /* ___DemoTests.m */; };
		29BB5B761B564D0B00E1CBAE /* MessageUI.framework in Frameworks */ = {isa = PBXBuildFile; fileRef = 29BB5B751B564D0B00E1CBAE /* MessageUI.framework */; };
/* End PBXBuildFile section */

/* Begin PBXContainerItemProxy section */
		29BB5B661B564CF700E1CBAE /* PBXContainerItemProxy */ = {
			isa = PBXContainerItemProxy;
			containerPortal = 29BB5B441B564CF700E1CBAE /* Project object */;
			proxyType = 1;
			remoteGlobalIDString = 29BB5B4B1B564CF700E1CBAE;
			remoteInfo = "短息_Demo";
		};
/* End PBXContainerItemProxy section */

/* Begin PBXFileReference section */
		29BB5B4C1B564CF700E1CBAE /* 短息_Demo.app */ = {isa = PBXFileReference; explicitFileType = wrapper.application; includeInIndex = 0; path = "短息_Demo.app"; sourceTree = BUILT_PRODUCTS_DIR; };
		29BB5B501B564CF700E1CBAE /* Info.plist */ = {isa = PBXFileReference; lastKnownFileType = text.plist.xml; path = Info.plist; sourceTree = "<group>"; };
		29BB5B511B564CF700E1CBAE /* main.m */ = {isa = PBXFileReference; lastKnownFileType = sourcecode.c.objc; path = main.m; sourceTree = "<group>"; };
		29BB5B531B564CF700E1CBAE /* AppDelegate.h */ = {isa = PBXFileReference; lastKnownFileType = sourcecode.c.h; path = AppDelegate.h; sourceTree = "<group>"; };
		29BB5B541B564CF700E1CBAE /* AppDelegate.m */ = {isa = PBXFileReference; lastKnownFileType = sourcecode.c.objc; path = AppDelegate.m; sourceTree = "<group>"; };
		29BB5B561B564CF700E1CBAE /* ViewController.h */ = {isa = PBXFileReference; lastKnownFileType = sourcecode.c.h; path = ViewController.h; sourceTree = "<group>"; };
		29BB5B571B564CF700E1CBAE /* ViewController.m */ = {isa = PBXFileReference; lastKnownFileType = sourcecode.c.objc; path = ViewController.m; sourceTree = "<group>"; };
		29BB5B5A1B564CF700E1CBAE /* Base */ = {isa = PBXFileReference; lastKnownFileType = file.storyboard; name = Base; path = Base.lproj/Main.storyboard; sourceTree = "<group>"; };
		29BB5B5C1B564CF700E1CBAE /* Images.xcassets */ = {isa = PBXFileReference; lastKnownFileType = folder.assetcatalog; path = Images.xcassets; sourceTree = "<group>"; };
		29BB5B5F1B564CF700E1CBAE /* Base */ = {isa = PBXFileReference; lastKnownFileType = file.xib; name = Base; path = Base.lproj/LaunchScreen.xib; sourceTree = "<group>"; };
		29BB5B651B564CF700E1CBAE /* 短息_DemoTests.xctest */ = {isa = PBXFileReference; explicitFileType = wrapper.cfbundle; includeInIndex = 0; path = "短息_DemoTests.xctest"; sourceTree = BUILT_PRODUCTS_DIR; };
		29BB5B6A1B564CF700E1CBAE /* Info.plist */ = {isa = PBXFileReference; lastKnownFileType = text.plist.xml; path = Info.plist; sourceTree = "<group>"; };
		29BB5B6B1B564CF700E1CBAE /* ___DemoTests.m */ = {isa = PBXFileReference; lastKnownFileType = sourcecode.c.objc; path = "___DemoTests.m"; sourceTree = "<group>"; };
		29BB5B751B564D0B00E1CBAE /* MessageUI.framework */ = {isa = PBXFileReference; lastKnownFileType = wrapper.framework; name = MessageUI.framework; path = System/Library/Frameworks/MessageUI.framework; sourceTree = SDKROOT; };
/* End PBXFileReference section */

/* Begin PBXFrameworksBuildPhase section */
		29BB5B491B564CF700E1CBAE /* Frameworks */ = {
			isa = PBXFrameworksBuildPhase;
			buildActionMask = 2147483647;
			files = (
				29BB5B761B564D0B00E1CBAE /* MessageUI.framework in Frameworks */,
			);
			runOnlyForDeploymentPostprocessing = 0;
		};
		29BB5B621B564CF700E1CBAE /* Frameworks */ = {
			isa = PBXFrameworksBuildPhase;
			buildActionMask = 2147483647;
			files = (
			);
			runOnlyForDeploymentPostprocessing = 0;
		};
/* End PBXFrameworksBuildPhase section */

/* Begin PBXGroup section */
		29BB5B431B564CF700E1CBAE = {
			isa = PBXGroup;
			children = (
				29BB5B751B564D0B00E1CBAE /* MessageUI.framework */,
				29BB5B4E1B564CF700E1CBAE /* 短息_Demo */,
				29BB5B681B564CF700E1CBAE /* 短息_DemoTests */,
				29BB5B4D1B564CF700E1CBAE /* Products */,
			);
			sourceTree = "<group>";
		};
		29BB5B4D1B564CF700E1CBAE /* Products */ = {
			isa = PBXGroup;
			children = (
				29BB5B4C1B564CF700E1CBAE /* 短息_Demo.app */,
				29BB5B651B564CF700E1CBAE /* 短息_DemoTests.xctest */,
			);
			name = Products;
			sourceTree = "<group>";
		};
		29BB5B4E1B564CF700E1CBAE /* 短息_Demo */ = {
			isa = PBXGroup;
			children = (
				29BB5B531B564CF700E1CBAE /* AppDelegate.h */,
				29BB5B541B564CF700E1CBAE /* AppDelegate.m */,
				29BB5B561B564CF700E1CBAE /* ViewController.h */,
				29BB5B571B564CF700E1CBAE /* ViewController.m */,
				29BB5B591B564CF700E1CBAE /* Main.storyboard */,
				29BB5B5C1B564CF700E1CBAE /* Images.xcassets */,
				29BB5B5E1B564CF700E1CBAE /* LaunchScreen.xib */,
				29BB5B4F1B564CF700E1CBAE /* Supporting Files */,
			);
			path = "短息_Demo";
			sourceTree = "<group>";
		};
		29BB5B4F1B564CF700E1CBAE /* Supporting Files */ = {
			isa = PBXGroup;
			children = (
				29BB5B501B564CF700E1CBAE /* Info.plist */,
				29BB5B511B564CF700E1CBAE /* main.m */,
			);
			name = "Supporting Files";
			sourceTree = "<group>";
		};
		29BB5B681B564CF700E1CBAE /* 短息_DemoTests */ = {
			isa = PBXGroup;
			children = (
				29BB5B6B1B564CF700E1CBAE /* ___DemoTests.m */,
				29BB5B691B564CF700E1CBAE /* Supporting Files */,
			);
			path = "短息_DemoTests";
			sourceTree = "<group>";
		};
		29BB5B691B564CF700E1CBAE /* Supporting Files */ = {
			isa = PBXGroup;
			children = (
				29BB5B6A1B564CF700E1CBAE /* Info.plist */,
			);
			name = "Supporting Files";
			sourceTree = "<group>";
		};
/* End PBXGroup section */

/* Begin PBXNativeTarget section */
		29BB5B4B1B564CF700E1CBAE /* 短息_Demo */ = {
			isa = PBXNativeTarget;
			buildConfigurationList = 29BB5B6F1B564CF700E1CBAE /* Build configuration list for PBXNativeTarget "短息_Demo" */;
			buildPhases = (
				29BB5B481B564CF700E1CBAE /* Sources */,
				29BB5B491B564CF700E1CBAE /* Frameworks */,
				29BB5B4A1B564CF700E1CBAE /* Resources */,
			);
			buildRules = (
			);
			dependencies = (
			);
			name = "短息_Demo";
			productName = "短息_Demo";
			productReference = 29BB5B4C1B564CF700E1CBAE /* 短息_Demo.app */;
			productType = "com.apple.product-type.application";
		};
		29BB5B641B564CF700E1CBAE /* 短息_DemoTests */ = {
			isa = PBXNativeTarget;
			buildConfigurationList = 29BB5B721B564CF700E1CBAE /* Build configuration list for PBXNativeTarget "短息_DemoTests" */;
			buildPhases = (
				29BB5B611B564CF700E1CBAE /* Sources */,
				29BB5B621B564CF700E1CBAE /* Frameworks */,
				29BB5B631B564CF700E1CBAE /* Resources */,
			);
			buildRules = (
			);
			dependencies = (
				29BB5B671B564CF700E1CBAE /* PBXTargetDependency */,
			);
			name = "短息_DemoTests";
			productName = "短息_DemoTests";
			productReference = 29BB5B651B564CF700E1CBAE /* 短息_DemoTests.xctest */;
			productType = "com.apple.product-type.bundle.unit-test";
		};
/* End PBXNativeTarget section */

/* Begin PBXProject section */
		29BB5B441B564CF700E1CBAE /* Project object */ = {
			isa = PBXProject;
			attributes = {
				LastUpgradeCheck = 0610;
				ORGANIZATIONNAME = apple;
				TargetAttributes = {
					29BB5B4B1B564CF700E1CBAE = {
						CreatedOnToolsVersion = 6.1;
					};
					29BB5B641B564CF700E1CBAE = {
						CreatedOnToolsVersion = 6.1;
						TestTargetID = 29BB5B4B1B564CF700E1CBAE;
					};
				};
			};
			buildConfigurationList = 29BB5B471B564CF700E1CBAE /* Build configuration list for PBXProject "短息_Demo" */;
			compatibilityVersion = "Xcode 3.2";
			developmentRegion = English;
			hasScannedForEncodings = 0;
			knownRegions = (
				en,
				Base,
			);
			mainGroup = 29BB5B431B564CF700E1CBAE;
			productRefGroup = 29BB5B4D1B564CF700E1CBAE /* Products */;
			projectDirPath = "";
			projectRoot = "";
			targets = (
				29BB5B4B1B564CF700E1CBAE /* 短息_Demo */,
				29BB5B641B564CF700E1CBAE /* 短息_DemoTests */,
			);
		};
/* End PBXProject section */

/* Begin PBXResourcesBuildPhase section */
		29BB5B4A1B564CF700E1CBAE /* Resources */ = {
			isa = PBXResourcesBuildPhase;
			buildActionMask = 2147483647;
			files = (
				29BB5B5B1B564CF700E1CBAE /* Main.storyboard in Resources */,
				29BB5B601B564CF700E1CBAE /* LaunchScreen.xib in Resources */,
				29BB5B5D1B564CF700E1CBAE /* Images.xcassets in Resources */,
			);
			runOnlyForDeploymentPostprocessing = 0;
		};
		29BB5B631B564CF700E1CBAE /* Resources */ = {
			isa = PBXResourcesBuildPhase;
			buildActionMask = 2147483647;
			files = (
			);
			runOnlyForDeploymentPostprocessing = 0;
		};
/* End PBXResourcesBuildPhase section */

/* Begin PBXSourcesBuildPhase section */
		29BB5B481B564CF700E1CBAE /* Sources */ = {
			isa = PBXSourcesBuildPhase;
			buildActionMask = 2147483647;
			files = (
				29BB5B581B564CF700E1CBAE /* ViewController.m in Sources */,
				29BB5B551B564CF700E1CBAE /* AppDelegate.m in Sources */,
				29BB5B521B564CF700E1CBAE /* main.m in Sources */,
			);
			runOnlyForDeploymentPostprocessing = 0;
		};
		29BB5B611B564CF700E1CBAE /* Sources */ = {
			isa = PBXSourcesBuildPhase;
			buildActionMask = 2147483647;
			files = (
				29BB5B6C1B564CF700E1CBAE /* ___DemoTests.m in Sources */,
			);
			runOnlyForDeploymentPostprocessing = 0;
		};
/* End PBXSourcesBuildPhase section */

/* Begin PBXTargetDependency section */
		29BB5B671B564CF700E1CBAE /* PBXTargetDependency */ = {
			isa = PBXTargetDependency;
			target = 29BB5B4B1B564CF700E1CBAE /* 短息_Demo */;
			targetProxy = 29BB5B661B564CF700E1CBAE /* PBXContainerItemProxy */;
		};
/* End PBXTargetDependency section */

/* Begin PBXVariantGroup section */
		29BB5B591B564CF700E1CBAE /* Main.storyboard */ = {
			isa = PBXVariantGroup;
			children = (
				29BB5B5A1B564CF700E1CBAE /* Base */,
			);
			name = Main.storyboard;
			sourceTree = "<group>";
		};
		29BB5B5E1B564CF700E1CBAE /* LaunchScreen.xib */ = {
			isa = PBXVariantGroup;
			children = (
				29BB5B5F1B564CF700E1CBAE /* Base */,
			);
			name = LaunchScreen.xib;
			sourceTree = "<group>";
		};
/* End PBXVariantGroup section */

/* Begin XCBuildConfiguration section */
		29BB5B6D1B564CF700E1CBAE /* Debug */ = {
			isa = XCBuildConfiguration;
			buildSettings = {
				ALWAYS_SEARCH_USER_PATHS = NO;
				CLANG_CXX_LANGUAGE_STANDARD = "gnu++0x";
				CLANG_CXX_LIBRARY = "libc++";
				CLANG_ENABLE_MODULES = YES;
				CLANG_ENABLE_OBJC_ARC = YES;
				CLANG_WARN_BOOL_CONVERSION = YES;
				CLANG_WARN_CONSTANT_CONVERSION = YES;
				CLANG_WARN_DIRECT_OBJC_ISA_USAGE = YES_ERROR;
				CLANG_WARN_EMPTY_BODY = YES;
				CLANG_WARN_ENUM_CONVERSION = YES;
				CLANG_WARN_INT_CONVERSION = YES;
				CLANG_WARN_OBJC_ROOT_CLASS = YES_ERROR;
				CLANG_WARN_UNREACHABLE_CODE = YES;
				CLANG_WARN__DUPLICATE_METHOD_MATCH = YES;
				"CODE_SIGN_IDENTITY[sdk=iphoneos*]" = "iPhone Developer";
				COPY_PHASE_STRIP = NO;
				ENABLE_STRICT_OBJC_MSGSEND = YES;
				GCC_C_LANGUAGE_STANDARD = gnu99;
				GCC_DYNAMIC_NO_PIC = NO;
				GCC_OPTIMIZATION_LEVEL = 0;
				GCC_PREPROCESSOR_DEFINITIONS = (
					"DEBUG=1",
					"$(inherited)",
				);
				GCC_SYMBOLS_PRIVATE_EXTERN = NO;
				GCC_WARN_64_TO_32_BIT_CONVERSION = YES;
				GCC_WARN_ABOUT_RETURN_TYPE = YES_ERROR;
				GCC_WARN_UNDECLARED_SELECTOR = YES;
				GCC_WARN_UNINITIALIZED_AUTOS = YES_AGGRESSIVE;
				GCC_WARN_UNUSED_FUNCTION = YES;
				GCC_WARN_UNUSED_VARIABLE = YES;
				IPHONEOS_DEPLOYMENT_TARGET = 8.1;
				MTL_ENABLE_DEBUG_INFO = YES;
				ONLY_ACTIVE_ARCH = YES;
				SDKROOT = iphoneos;
			};
			name = Debug;
		};
		29BB5B6E1B564CF700E1CBAE /* Release */ = {
			isa = XCBuildConfiguration;
			buildSettings = {
				ALWAYS_SEARCH_USER_PATHS = NO;
				CLANG_CXX_LANGUAGE_STANDARD = "gnu++0x";
				CLANG_CXX_LIBRARY = "libc++";
				CLANG_ENABLE_MODULES = YES;
				CLANG_ENABLE_OBJC_ARC = YES;
				CLANG_WARN_BOOL_CONVERSION = YES;
				CLANG_WARN_CONSTANT_CONVERSION = YES;
				CLANG_WARN_DIRECT_OBJC_ISA_USAGE = YES_ERROR;
				CLANG_WARN_EMPTY_BODY = YES;
				CLANG_WARN_ENUM_CONVERSION = YES;
				CLANG_WARN_INT_CONVERSION = YES;
				CLANG_WARN_OBJC_ROOT_CLASS = YES_ERROR;
				CLANG_WARN_UNREACHABLE_CODE = YES;
				CLANG_WARN__DUPLICATE_METHOD_MATCH = YES;
				"CODE_SIGN_IDENTITY[sdk=iphoneos*]" = "iPhone Developer";
				COPY_PHASE_STRIP = YES;
				ENABLE_NS_ASSERTIONS = NO;
				ENABLE_STRICT_OBJC_MSGSEND = YES;
				GCC_C_LANGUAGE_STANDARD = gnu99;
				GCC_WARN_64_TO_32_BIT_CONVERSION = YES;
				GCC_WARN_ABOUT_RETURN_TYPE = YES_ERROR;
				GCC_WARN_UNDECLARED_SELECTOR = YES;
				GCC_WARN_UNINITIALIZED_AUTOS = YES_AGGRESSIVE;
				GCC_WARN_UNUSED_FUNCTION = YES;
				GCC_WARN_UNUSED_VARIABLE = YES;
				IPHONEOS_DEPLOYMENT_TARGET = 8.1;
				MTL_ENABLE_DEBUG_INFO = NO;
				SDKROOT = iphoneos;
				VALIDATE_PRODUCT = YES;
			};
			name = Release;
		};
		29BB5B701B564CF700E1CBAE /* Debug */ = {
			isa = XCBuildConfiguration;
			buildSettings = {
				ASSETCATALOG_COMPILER_APPICON_NAME = AppIcon;
				INFOPLIST_FILE = "短息_Demo/Info.plist";
				LD_RUNPATH_SEARCH_PATHS = "$(inherited) @executable_path/Frameworks";
				PRODUCT_NAME = "$(TARGET_NAME)";
			};
			name = Debug;
		};
		29BB5B711B564CF700E1CBAE /* Release */ = {
			isa = XCBuildConfiguration;
			buildSettings = {
				ASSETCATALOG_COMPILER_APPICON_NAME = AppIcon;
				INFOPLIST_FILE = "短息_Demo/Info.plist";
				LD_RUNPATH_SEARCH_PATHS = "$(inherited) @executable_path/Frameworks";
				PRODUCT_NAME = "$(TARGET_NAME)";
			};
			name = Release;
		};
		29BB5B731B564CF700E1CBAE /* Debug */ = {
			isa = XCBuildConfiguration;
			buildSettings = {
				BUNDLE_LOADER = "$(TEST_HOST)";
				FRAMEWORK_SEARCH_PATHS = (
					"$(SDKROOT)/Developer/Library/Frameworks",
					"$(inherited)",
				);
				GCC_PREPROCESSOR_DEFINITIONS = (
					"DEBUG=1",
					"$(inherited)",
				);
				INFOPLIST_FILE = "短息_DemoTests/Info.plist";
				LD_RUNPATH_SEARCH_PATHS = "$(inherited) @executable_path/Frameworks @loader_path/Frameworks";
				PRODUCT_NAME = "$(TARGET_NAME)";
				TEST_HOST = "$(BUILT_PRODUCTS_DIR)/短息_Demo.app/短息_Demo";
			};
			name = Debug;
		};
		29BB5B741B564CF700E1CBAE /* Release */ = {
			isa = XCBuildConfiguration;
			buildSettings = {
				BUNDLE_LOADER = "$(TEST_HOST)";
				FRAMEWORK_SEARCH_PATHS = (
					"$(SDKROOT)/Developer/Library/Frameworks",
					"$(inherited)",
				);
				INFOPLIST_FILE = "短息_DemoTests/Info.plist";
				LD_RUNPATH_SEARCH_PATHS = "$(inherited) @executable_path/Frameworks @loader_path/Frameworks";
				PRODUCT_NAME = "$(TARGET_NAME)";
				TEST_HOST = "$(BUILT_PRODUCTS_DIR)/短息_Demo.app/短息_Demo";
			};
			name = Release;
		};
/* End XCBuildConfiguration section */

/* Begin XCConfigurationList section */
		29BB5B471B564CF700E1CBAE /* Build configuration list for PBXProject "短息_Demo" */ = {
			isa = XCConfigurationList;
			buildConfigurations = (
				29BB5B6D1B564CF700E1CBAE /* Debug */,
				29BB5B6E1B564CF700E1CBAE /* Release */,
			);
			defaultConfigurationIsVisible = 0;
			defaultConfigurationName = Release;
		};
		29BB5B6F1B564CF700E1CBAE /* Build configuration list for PBXNativeTarget "短息_Demo" */ = {
			isa = XCConfigurationList;
			buildConfigurations = (
				29BB5B701B564CF700E1CBAE /* Debug */,
				29BB5B711B564CF700E1CBAE /* Release */,
			);
			defaultConfigurationIsVisible = 0;
		};
		29BB5B721B564CF700E1CBAE /* Build configuration list for PBXNativeTarget "短息_DemoTests" */ = {
			isa = XCConfigurationList;
			buildConfigurations = (
				29BB5B731B564CF700E1CBAE /* Debug */,
				29BB5B741B564CF700E1CBAE /* Release */,
			);
			defaultConfigurationIsVisible = 0;
		};
/* End XCConfigurationList section */
	};
	rootObject = 29BB5B441B564CF700E1CBAE /* Project object */;
}
